
Microsoft Visual Studio Solution File, Format Version 12.00
# Visual Studio Version 16
VisualStudioVersion = 16.0.30114.105
MinimumVisualStudioVersion = 10.0.40219.1
Project("{FAE04EC0-301F-11D3-BF4B-00C04F79EFBC}") = "TaskAppNet6.WebApp", "TaskAppNet6.WebApp\TaskAppNet6.WebApp.csproj", "{0117CCE0-C97C-4659-94BD-0A1FFD343513}"
EndProject
Project("{FAE04EC0-301F-11D3-BF4B-00C04F79EFBC}") = "TaskAppNet6.Core", "TaskAppNet6.Core\TaskAppNet6.Core.csproj", "{0B4A1BFE-9816-4797-A4CE-82D4F2443277}"
EndProject
Project("{FAE04EC0-301F-11D3-BF4B-00C04F79EFBC}") = "TaskAppNet6.Persistence", "TaskAppNet6.Persistence\TaskAppNet6.Persistence.csproj", "{5D5A48D6-7A43-4037-B403-B47A80FB487C}"
EndProject
Project("{FAE04EC0-301F-11D3-BF4B-00C04F79EFBC}") = "TaskAppNet6.Application", "TaskAppNet6.Application\TaskAppNet6.Application.csproj", "{2F8A71FC-A292-4C86-895E-5AE32F19C98E}"
EndProject
Project("{FAE04EC0-301F-11D3-BF4B-00C04F79EFBC}") = "TaskAppNet6.UnitTests", "..\tests\TaskAppNet6.UnitTests\TaskAppNet6.UnitTests.csproj", "{935D95D9-37B5-4F4E-9DA0-16BD76FB46E3}"
EndProject
Global
	GlobalSection(SolutionConfigurationPlatforms) = preSolution
		Debug|Any CPU = Debug|Any CPU
		Release|Any CPU = Release|Any CPU
	EndGlobalSection
	GlobalSection(SolutionProperties) = preSolution
		HideSolutionNode = FALSE
	EndGlobalSection
	GlobalSection(ProjectConfigurationPlatforms) = postSolution
		{0117CCE0-C97C-4659-94BD-0A1FFD343513}.Debug|Any CPU.ActiveCfg = Debug|Any CPU
		{0117CCE0-C97C-4659-94BD-0A1FFD343513}.Debug|Any CPU.Build.0 = Debug|Any CPU
		{0117CCE0-C97C-4659-94BD-0A1FFD343513}.Release|Any CPU.ActiveCfg = Release|Any CPU
		{0117CCE0-C97C-4659-94BD-0A1FFD343513}.Release|Any CPU.Build.0 = Release|Any CPU
		{0B4A1BFE-9816-4797-A4CE-82D4F2443277}.Debug|Any CPU.ActiveCfg = Debug|Any CPU
		{0B4A1BFE-9816-4797-A4CE-82D4F2443277}.Debug|Any CPU.Build.0 = Debug|Any CPU
		{0B4A1BFE-9816-4797-A4CE-82D4F2443277}.Release|Any CPU.ActiveCfg = Release|Any CPU
		{0B4A1BFE-9816-4797-A4CE-82D4F2443277}.Release|Any CPU.Build.0 = Release|Any CPU
		{5D5A48D6-7A43-4037-B403-B47A80FB487C}.Debug|Any CPU.ActiveCfg = Debug|Any CPU
		{5D5A48D6-7A43-4037-B403-B47A80FB487C}.Debug|Any CPU.Build.0 = Debug|Any CPU
		{5D5A48D6-7A43-4037-B403-B47A80FB487C}.Release|Any CPU.ActiveCfg = Release|Any CPU
		{5D5A48D6-7A43-4037-B403-B47A80FB487C}.Release|Any CPU.Build.0 = Release|Any CPU
		{2F8A71FC-A292-4C86-895E-5AE32F19C98E}.Debug|Any CPU.ActiveCfg = Debug|Any CPU
		{2F8A71FC-A292-4C86-895E-5AE32F19C98E}.Debug|Any CPU.Build.0 = Debug|Any CPU
		{2F8A71FC-A292-4C86-895E-5AE32F19C98E}.Release|Any CPU.ActiveCfg = Release|Any CPU
		{2F8A71FC-A292-4C86-895E-5AE32F19C98E}.Release|Any CPU.Build.0 = Release|Any CPU
		{935D95D9-37B5-4F4E-9DA0-16BD76FB46E3}.Debug|Any CPU.ActiveCfg = Debug|Any CPU
		{935D95D9-37B5-4F4E-9DA0-16BD76FB46E3}.Debug|Any CPU.Build.0 = Debug|Any CPU
		{935D95D9-37B5-4F4E-9DA0-16BD76FB46E3}.Release|Any CPU.ActiveCfg = Release|Any CPU
		{935D95D9-37B5-4F4E-9DA0-16BD76FB46E3}.Release|Any CPU.Build.0 = Release|Any CPU
	EndGlobalSection
EndGlobal
